PODS:
  - Alamofire (4.4.0)
  - AlamofireImage (3.2.0):
    - Alamofire (~> 4.1)
  - Cosmos (9.0.0)
  - SwiftyJSON (3.1.4)

DEPENDENCIES:
  - Alamofire (~> 4.4)
  - AlamofireImage (~> 3.1)
  - Cosmos (~> 9.0)
  - SwiftyJSON

SPEC CHECKSUMS:
  Alamofire: dc44b1600b800eb63da6a19039a0083d62a6a62d
  AlamofireImage: 157ed682cc81d3b9db4fb90c1f12180ac552d93b
  Cosmos: 33eee62b2a0418452aef470f711f83c3ea061b7b
  SwiftyJSON: c2842d878f95482ffceec5709abc3d05680c0220

PODFILE CHECKSUM: 24fe8134b91eddf180782f14f95e410e5f5ced51

COCOAPODS: 1.2.1
